dependencies:
- name: eventuate-spring-boot-service-library-chart
  repository: https://cer.github.io/helm-library-charts
  version: 0.1.0-SNAPSHOT
- name: postgres
  repository: https://raw.githubusercontent.com/eventuate-platform/eventuate-helm-charts/helm-repository
  version: v0.4.0
digest: sha256:010b46e2ff5bdcf690e9ce69173753b819be75119a0d3e6895896ff163bf6c68
generated: "2026-04-18T12:10:12.646442-07:00"
